
Microsoft Visual Studio Solution File, Format Version 12.00
# Visual Studio Version 17
VisualStudioVersion = 17.5.33502.453
MinimumVisualStudioVersion = 10.0.40219.1
Project("{FAE04EC0-301F-11D3-BF4B-00C04F79EFBC}") = "ZohoLogin", "ZohoLogin.csproj", "{079AB583-4F46-4CBD-8386-9FB4449F3694}"
EndProject
Global
	GlobalSection(SolutionConfigurationPlatforms) = preSolution
		Debug|Any CPU = Debug|Any CPU
		Release|Any CPU = Release|Any CPU
	EndGlobalSection
	GlobalSection(ProjectConfigurationPlatforms) = postSolution
		{079AB583-4F46-4CBD-8386-9FB4449F3694}.Debug|Any CPU.ActiveCfg = Debug|Any CPU
		{079AB583-4F46-4CBD-8386-9FB4449F3694}.Debug|Any CPU.Build.0 = Debug|Any CPU
		{079AB583-4F46-4CBD-8386-9FB4449F3694}.Release|Any CPU.ActiveCfg = Release|Any CPU
		{079AB583-4F46-4CBD-8386-9FB4449F3694}.Release|Any CPU.Build.0 = Release|Any CPU
	EndGlobalSection
	GlobalSection(SolutionProperties) = preSolution
		HideSolutionNode = FALSE
	EndGlobalSection
	GlobalSection(ExtensibilityGlobals) = postSolution
		SolutionGuid = {2E3184F5-50E7-4440-B164-8D7FE533B7D4}
	EndGlobalSection
EndGlobal
